
Microsoft Visual Studio Solution File, Format Version 12.00
# Visual Studio Version 17
VisualStudioVersion = 17.0.31903.59
MinimumVisualStudioVersion = 10.0.40219.1
Project("{FAE04EC0-301F-11D3-BF4B-00C04F79EFBC}") = "FluyAdmin.Domain", "FluyAdmin.Domain\FluyAdmin.Domain.csproj", "{BC2F1957-5BD6-4720-882C-DF6E4FF8142D}"
EndProject
Project("{FAE04EC0-301F-11D3-BF4B-00C04F79EFBC}") = "FluyAdmin.Application", "FluyAdmin.Application\FluyAdmin.Application.csproj", "{99BDDCC9-09E0-4EA6-8CEE-64553413A914}"
EndProject
Project("{FAE04EC0-301F-11D3-BF4B-00C04F79EFBC}") = "FluyAdmin.Infrastructure", "FluyAdmin.Infrastructure\FluyAdmin.Infrastructure.csproj", "{CB35B7CA-93A3-43DB-86F2-182BC3951C75}"
EndProject
Project("{FAE04EC0-301F-11D3-BF4B-00C04F79EFBC}") = "FluyAdmin.Api", "FluyAdmin.Api\FluyAdmin.Api.csproj", "{2EA5500C-39D7-4032-AFEA-2CB1068077C2}"
EndProject
Project("{FAE04EC0-301F-11D3-BF4B-00C04F79EFBC}") = "FluyAdmin.Test", "..\test\FluyAdmin.Test\FluyAdmin.Test.csproj", "{84D27669-644D-48F1-A326-AB13C65CBD04}"
EndProject
Project("{FAE04EC0-301F-11D3-BF4B-00C04F79EFBC}") = "Fluy.SharedKernel", "..\..\shared\Fluy.SharedKernel\Fluy.SharedKernel.csproj", "{5D663B67-E9F2-4449-9CD5-93A9C549119F}"
EndProject
Project("{2150E333-8FDC-42A3-9474-1A3956D46DE8}") = "src", "src", "{98FDE432-9A82-4A26-8581-130CF30A6E8D}"
EndProject
Project("{2150E333-8FDC-42A3-9474-1A3956D46DE8}") = "test", "test", "{22664BAF-4020-4FEB-A024-F519B4369092}"
EndProject
Project("{2150E333-8FDC-42A3-9474-1A3956D46DE8}") = "shared", "shared", "{07065D32-A1DB-41EB-9946-CE35190E7997}"
EndProject
Global
	GlobalSection(SolutionConfigurationPlatforms) = preSolution
		Debug|Any CPU = Debug|Any CPU
		Debug|x64 = Debug|x64
		Debug|x86 = Debug|x86
		Release|Any CPU = Release|Any CPU
		Release|x64 = Release|x64
		Release|x86 = Release|x86
	EndGlobalSection
	GlobalSection(ProjectConfigurationPlatforms) = postSolution
		{BC2F1957-5BD6-4720-882C-DF6E4FF8142D}.Debug|Any CPU.ActiveCfg = Debug|Any CPU
		{BC2F1957-5BD6-4720-882C-DF6E4FF8142D}.Debug|Any CPU.Build.0 = Debug|Any CPU
		{BC2F1957-5BD6-4720-882C-DF6E4FF8142D}.Debug|x64.ActiveCfg = Debug|Any CPU
		{BC2F1957-5BD6-4720-882C-DF6E4FF8142D}.Debug|x64.Build.0 = Debug|Any CPU
		{BC2F1957-5BD6-4720-882C-DF6E4FF8142D}.Debug|x86.ActiveCfg = Debug|Any CPU
		{BC2F1957-5BD6-4720-882C-DF6E4FF8142D}.Debug|x86.Build.0 = Debug|Any CPU
		{BC2F1957-5BD6-4720-882C-DF6E4FF8142D}.Release|Any CPU.ActiveCfg = Release|Any CPU
		{BC2F1957-5BD6-4720-882C-DF6E4FF8142D}.Release|Any CPU.Build.0 = Release|Any CPU
		{BC2F1957-5BD6-4720-882C-DF6E4FF8142D}.Release|x64.ActiveCfg = Release|Any CPU
		{BC2F1957-5BD6-4720-882C-DF6E4FF8142D}.Release|x64.Build.0 = Release|Any CPU
		{BC2F1957-5BD6-4720-882C-DF6E4FF8142D}.Release|x86.ActiveCfg = Release|Any CPU
		{BC2F1957-5BD6-4720-882C-DF6E4FF8142D}.Release|x86.Build.0 = Release|Any CPU
		{99BDDCC9-09E0-4EA6-8CEE-64553413A914}.Debug|Any CPU.ActiveCfg = Debug|Any CPU
		{99BDDCC9-09E0-4EA6-8CEE-64553413A914}.Debug|Any CPU.Build.0 = Debug|Any CPU
		{99BDDCC9-09E0-4EA6-8CEE-64553413A914}.Debug|x64.ActiveCfg = Debug|Any CPU
		{99BDDCC9-09E0-4EA6-8CEE-64553413A914}.Debug|x64.Build.0 = Debug|Any CPU
		{99BDDCC9-09E0-4EA6-8CEE-64553413A914}.Debug|x86.ActiveCfg = Debug|Any CPU
		{99BDDCC9-09E0-4EA6-8CEE-64553413A914}.Debug|x86.Build.0 = Debug|Any CPU
		{99BDDCC9-09E0-4EA6-8CEE-64553413A914}.Release|Any CPU.ActiveCfg = Release|Any CPU
		{99BDDCC9-09E0-4EA6-8CEE-64553413A914}.Release|Any CPU.Build.0 = Release|Any CPU
		{99BDDCC9-09E0-4EA6-8CEE-64553413A914}.Release|x64.ActiveCfg = Release|Any CPU
		{99BDDCC9-09E0-4EA6-8CEE-64553413A914}.Release|x64.Build.0 = Release|Any CPU
		{99BDDCC9-09E0-4EA6-8CEE-64553413A914}.Release|x86.ActiveCfg = Release|Any CPU
		{99BDDCC9-09E0-4EA6-8CEE-64553413A914}.Release|x86.Build.0 = Release|Any CPU
		{CB35B7CA-93A3-43DB-86F2-182BC3951C75}.Debug|Any CPU.ActiveCfg = Debug|Any CPU
		{CB35B7CA-93A3-43DB-86F2-182BC3951C75}.Debug|Any CPU.Build.0 = Debug|Any CPU
		{CB35B7CA-93A3-43DB-86F2-182BC3951C75}.Debug|x64.ActiveCfg = Debug|Any CPU
		{CB35B7CA-93A3-43DB-86F2-182BC3951C75}.Debug|x64.Build.0 = Debug|Any CPU
		{CB35B7CA-93A3-43DB-86F2-182BC3951C75}.Debug|x86.ActiveCfg = Debug|Any CPU
		{CB35B7CA-93A3-43DB-86F2-182BC3951C75}.Debug|x86.Build.0 = Debug|Any CPU
		{CB35B7CA-93A3-43DB-86F2-182BC3951C75}.Release|Any CPU.ActiveCfg = Release|Any CPU
		{CB35B7CA-93A3-43DB-86F2-182BC3951C75}.Release|Any CPU.Build.0 = Release|Any CPU
		{CB35B7CA-93A3-43DB-86F2-182BC3951C75}.Release|x64.ActiveCfg = Release|Any CPU
		{CB35B7CA-93A3-43DB-86F2-182BC3951C75}.Release|x64.Build.0 = Release|Any CPU
		{CB35B7CA-93A3-43DB-86F2-182BC3951C75}.Release|x86.ActiveCfg = Release|Any CPU
		{CB35B7CA-93A3-43DB-86F2-182BC3951C75}.Release|x86.Build.0 = Release|Any CPU
		{2EA5500C-39D7-4032-AFEA-2CB1068077C2}.Debug|Any CPU.ActiveCfg = Debug|Any CPU
		{2EA5500C-39D7-4032-AFEA-2CB1068077C2}.Debug|Any CPU.Build.0 = Debug|Any CPU
		{2EA5500C-39D7-4032-AFEA-2CB1068077C2}.Debug|x64.ActiveCfg = Debug|Any CPU
		{2EA5500C-39D7-4032-AFEA-2CB1068077C2}.Debug|x64.Build.0 = Debug|Any CPU
		{2EA5500C-39D7-4032-AFEA-2CB1068077C2}.Debug|x86.ActiveCfg = Debug|Any CPU
		{2EA5500C-39D7-4032-AFEA-2CB1068077C2}.Debug|x86.Build.0 = Debug|Any CPU
		{2EA5500C-39D7-4032-AFEA-2CB1068077C2}.Release|Any CPU.ActiveCfg = Release|Any CPU
		{2EA5500C-39D7-4032-AFEA-2CB1068077C2}.Release|Any CPU.Build.0 = Release|Any CPU
		{2EA5500C-39D7-4032-AFEA-2CB1068077C2}.Release|x64.ActiveCfg = Release|Any CPU
		{2EA5500C-39D7-4032-AFEA-2CB1068077C2}.Release|x64.Build.0 = Release|Any CPU
		{2EA5500C-39D7-4032-AFEA-2CB1068077C2}.Release|x86.ActiveCfg = Release|Any CPU
		{2EA5500C-39D7-4032-AFEA-2CB1068077C2}.Release|x86.Build.0 = Release|Any CPU
		{84D27669-644D-48F1-A326-AB13C65CBD04}.Debug|Any CPU.ActiveCfg = Debug|Any CPU
		{84D27669-644D-48F1-A326-AB13C65CBD04}.Debug|Any CPU.Build.0 = Debug|Any CPU
		{84D27669-644D-48F1-A326-AB13C65CBD04}.Debug|x64.ActiveCfg = Debug|Any CPU
		{84D27669-644D-48F1-A326-AB13C65CBD04}.Debug|x64.Build.0 = Debug|Any CPU
		{84D27669-644D-48F1-A326-AB13C65CBD04}.Debug|x86.ActiveCfg = Debug|Any CPU
		{84D27669-644D-48F1-A326-AB13C65CBD04}.Debug|x86.Build.0 = Debug|Any CPU
		{84D27669-644D-48F1-A326-AB13C65CBD04}.Release|Any CPU.ActiveCfg = Release|Any CPU
		{84D27669-644D-48F1-A326-AB13C65CBD04}.Release|Any CPU.Build.0 = Release|Any CPU
		{84D27669-644D-48F1-A326-AB13C65CBD04}.Release|x64.ActiveCfg = Release|Any CPU
		{84D27669-644D-48F1-A326-AB13C65CBD04}.Release|x64.Build.0 = Release|Any CPU
		{84D27669-644D-48F1-A326-AB13C65CBD04}.Release|x86.ActiveCfg = Release|Any CPU
		{84D27669-644D-48F1-A326-AB13C65CBD04}.Release|x86.Build.0 = Release|Any CPU
		{5D663B67-E9F2-4449-9CD5-93A9C549119F}.Debug|Any CPU.ActiveCfg = Debug|Any CPU
		{5D663B67-E9F2-4449-9CD5-93A9C549119F}.Debug|Any CPU.Build.0 = Debug|Any CPU
		{5D663B67-E9F2-4449-9CD5-93A9C549119F}.Debug|x64.ActiveCfg = Debug|Any CPU
		{5D663B67-E9F2-4449-9CD5-93A9C549119F}.Debug|x64.Build.0 = Debug|Any CPU
		{5D663B67-E9F2-4449-9CD5-93A9C549119F}.Debug|x86.ActiveCfg = Debug|Any CPU
		{5D663B67-E9F2-4449-9CD5-93A9C549119F}.Debug|x86.Build.0 = Debug|Any CPU
		{5D663B67-E9F2-4449-9CD5-93A9C549119F}.Release|Any CPU.ActiveCfg = Release|Any CPU
		{5D663B67-E9F2-4449-9CD5-93A9C549119F}.Release|Any CPU.Build.0 = Release|Any CPU
		{5D663B67-E9F2-4449-9CD5-93A9C549119F}.Release|x64.ActiveCfg = Release|Any CPU
		{5D663B67-E9F2-4449-9CD5-93A9C549119F}.Release|x64.Build.0 = Release|Any CPU
		{5D663B67-E9F2-4449-9CD5-93A9C549119F}.Release|x86.ActiveCfg = Release|Any CPU
		{5D663B67-E9F2-4449-9CD5-93A9C549119F}.Release|x86.Build.0 = Release|Any CPU
	EndGlobalSection
	GlobalSection(SolutionProperties) = preSolution
		HideSolutionNode = FALSE
	EndGlobalSection
	GlobalSection(NestedProjects) = preSolution
		{BC2F1957-5BD6-4720-882C-DF6E4FF8142D} = {98FDE432-9A82-4A26-8581-130CF30A6E8D}
		{99BDDCC9-09E0-4EA6-8CEE-64553413A914} = {98FDE432-9A82-4A26-8581-130CF30A6E8D}
		{CB35B7CA-93A3-43DB-86F2-182BC3951C75} = {98FDE432-9A82-4A26-8581-130CF30A6E8D}
		{2EA5500C-39D7-4032-AFEA-2CB1068077C2} = {98FDE432-9A82-4A26-8581-130CF30A6E8D}
		{84D27669-644D-48F1-A326-AB13C65CBD04} = {22664BAF-4020-4FEB-A024-F519B4369092}
		{5D663B67-E9F2-4449-9CD5-93A9C549119F} = {07065D32-A1DB-41EB-9946-CE35190E7997}
	EndGlobalSection
EndGlobal
